
Microsoft Visual Studio Solution File, Format Version 12.00
# Visual Studio Version 17
VisualStudioVersion = 17.10.35013.160
MinimumVisualStudioVersion = 10.0.40219.1
Project("{FAE04EC0-301F-11D3-BF4B-00C04F79EFBC}") = "BilliardClubManage", "BilliardClubManage\BilliardClubManage.csproj", "{2CF2745D-2F77-4B46-9E56-1D764251E652}"
EndProject
Project("{FAE04EC0-301F-11D3-BF4B-00C04F79EFBC}") = "BilliardClub.DAO", "BilliardClub.DAO\BilliardClub.DAO.csproj", "{84DDEEAA-5070-481D-ACC0-ECB29FDD89FA}"
EndProject
Project("{FAE04EC0-301F-11D3-BF4B-00C04F79EFBC}") = "BilliardClub.BUS", "BilliardClub.BUS\BilliardClub.BUS.csproj", "{F1854200-A7DD-4319-8A9A-06F3154FC014}"
EndProject
Project("{FAE04EC0-301F-11D3-BF4B-00C04F79EFBC}") = "BilliardClub.DTO", "BilliardClub.DTO\BilliardClub.DTO.csproj", "{ED7EF87B-8A03-4774-B19C-2D91AEF7FD15}"
EndProject
Project("{2150E333-8FDC-42A3-9474-1A3956D46DE8}") = "asset", "asset", "{4C31F9CA-E214-4E51-82C5-6307356471C8}"
EndProject
Project("{2150E333-8FDC-42A3-9474-1A3956D46DE8}") = "Solution Items", "Solution Items", "{580B5CA2-9C3E-47B8-9635-6E1044CA78B7}"
	ProjectSection(SolutionItems) = preProject
		.ignore = .ignore
	EndProjectSection
EndProject
Global
	GlobalSection(SolutionConfigurationPlatforms) = preSolution
		Debug|Any CPU = Debug|Any CPU
		Release|Any CPU = Release|Any CPU
	EndGlobalSection
	GlobalSection(ProjectConfigurationPlatforms) = postSolution
		{2CF2745D-2F77-4B46-9E56-1D764251E652}.Debug|Any CPU.ActiveCfg = Debug|Any CPU
		{2CF2745D-2F77-4B46-9E56-1D764251E652}.Debug|Any CPU.Build.0 = Debug|Any CPU
		{2CF2745D-2F77-4B46-9E56-1D764251E652}.Release|Any CPU.ActiveCfg = Release|Any CPU
		{2CF2745D-2F77-4B46-9E56-1D764251E652}.Release|Any CPU.Build.0 = Release|Any CPU
		{84DDEEAA-5070-481D-ACC0-ECB29FDD89FA}.Debug|Any CPU.ActiveCfg = Debug|Any CPU
		{84DDEEAA-5070-481D-ACC0-ECB29FDD89FA}.Debug|Any CPU.Build.0 = Debug|Any CPU
		{84DDEEAA-5070-481D-ACC0-ECB29FDD89FA}.Release|Any CPU.ActiveCfg = Release|Any CPU
		{84DDEEAA-5070-481D-ACC0-ECB29FDD89FA}.Release|Any CPU.Build.0 = Release|Any CPU
		{F1854200-A7DD-4319-8A9A-06F3154FC014}.Debug|Any CPU.ActiveCfg = Debug|Any CPU
		{F1854200-A7DD-4319-8A9A-06F3154FC014}.Debug|Any CPU.Build.0 = Debug|Any CPU
		{F1854200-A7DD-4319-8A9A-06F3154FC014}.Release|Any CPU.ActiveCfg = Release|Any CPU
		{F1854200-A7DD-4319-8A9A-06F3154FC014}.Release|Any CPU.Build.0 = Release|Any CPU
		{ED7EF87B-8A03-4774-B19C-2D91AEF7FD15}.Debug|Any CPU.ActiveCfg = Debug|Any CPU
		{ED7EF87B-8A03-4774-B19C-2D91AEF7FD15}.Debug|Any CPU.Build.0 = Debug|Any CPU
		{ED7EF87B-8A03-4774-B19C-2D91AEF7FD15}.Release|Any CPU.ActiveCfg = Release|Any CPU
		{ED7EF87B-8A03-4774-B19C-2D91AEF7FD15}.Release|Any CPU.Build.0 = Release|Any CPU
	EndGlobalSection
	GlobalSection(SolutionProperties) = preSolution
		HideSolutionNode = FALSE
	EndGlobalSection
	GlobalSection(ExtensibilityGlobals) = postSolution
		SolutionGuid = {AE5F63B7-BB78-4121-94B2-57F80800C55C}
	EndGlobalSection
EndGlobal
